
Microsoft Visual Studio Solution File, Format Version 12.00
# Visual Studio Version 17
VisualStudioVersion = 17.1.32210.238
MinimumVisualStudioVersion = 10.0.40219.1
Project("{FAE04EC0-301F-11D3-BF4B-00C04F79EFBC}") = "NoteApp", "NoteApp\NoteApp.csproj", "{566C417C-49FA-47E7-A962-606F584EA323}"
EndProject
Project("{FAE04EC0-301F-11D3-BF4B-00C04F79EFBC}") = "NoteAppUI", "NoteAppUI\NoteAppUI.csproj", "{1B49E2FD-2911-4905-89DE-C6A0EC6EDEC1}"
EndProject
Global
	GlobalSection(SolutionConfigurationPlatforms) = preSolution
		Debug|Any CPU = Debug|Any CPU
		Release|Any CPU = Release|Any CPU
	EndGlobalSection
	GlobalSection(ProjectConfigurationPlatforms) = postSolution
		{566C417C-49FA-47E7-A962-606F584EA323}.Debug|Any CPU.ActiveCfg = Debug|Any CPU
		{566C417C-49FA-47E7-A962-606F584EA323}.Debug|Any CPU.Build.0 = Debug|Any CPU
		{566C417C-49FA-47E7-A962-606F584EA323}.Release|Any CPU.ActiveCfg = Release|Any CPU
		{566C417C-49FA-47E7-A962-606F584EA323}.Release|Any CPU.Build.0 = Release|Any CPU
		{1B49E2FD-2911-4905-89DE-C6A0EC6EDEC1}.Debug|Any CPU.ActiveCfg = Debug|Any CPU
		{1B49E2FD-2911-4905-89DE-C6A0EC6EDEC1}.Debug|Any CPU.Build.0 = Debug|Any CPU
		{1B49E2FD-2911-4905-89DE-C6A0EC6EDEC1}.Release|Any CPU.ActiveCfg = Release|Any CPU
		{1B49E2FD-2911-4905-89DE-C6A0EC6EDEC1}.Release|Any CPU.Build.0 = Release|Any CPU
	EndGlobalSection
	GlobalSection(SolutionProperties) = preSolution
		HideSolutionNode = FALSE
	EndGlobalSection
	GlobalSection(ExtensibilityGlobals) = postSolution
		SolutionGuid = {BD9B42CB-F3FD-4AC1-83AE-97256DDF6B47}
	EndGlobalSection
EndGlobal
